// !$*UTF8*$!
{
	archiveVersion = 1;
	classes = {
	};
	objectVersion = 46;
	objects = {

/* Begin PBXBuildFile section */
		5A77626C1AB454AB0044B798 /* AppDelegate.swift in Sources */ = {isa = PBXBuildFile; fileRef = 5A77626B1AB454AB0044B798 /* AppDelegate.swift */; };
		5A77626F1AB454AB0044B798 /* ClassesAndObjects.xcdatamodeld in Sources */ = {isa = PBXBuildFile; fileRef = 5A77626D1AB454AB0044B798 /* ClassesAndObjects.xcdatamodeld */; };
		5A7762711AB454AB0044B798 /* ViewController.swift in Sources */ = {isa = PBXBuildFile; fileRef = 5A7762701AB454AB0044B798 /* ViewController.swift */; };
		5A7762741AB454AB0044B798 /* Main.storyboard in Resources */ = {isa = PBXBuildFile; fileRef = 5A7762721AB454AB0044B798 /* Main.storyboard */; };
		5A7762761AB454AB0044B798 /* Images.xcassets in Resources */ = {isa = PBXBuildFile; fileRef = 5A7762751AB454AB0044B798 /* Images.xcassets */; };
		5A7762791AB454AB0044B798 /* LaunchScreen.xib in Resources */ = {isa = PBXBuildFile; fileRef = 5A7762771AB454AB0044B798 /* LaunchScreen.xib */; };
		5A7762851AB454AB0044B798 /* ClassesAndObjectsTests.swift in Sources */ = {isa = PBXBuildFile; fileRef = 5A7762841AB454AB0044B798 /* ClassesAndObjectsTests.swift */; };
/* End PBXBuildFile section */

/* Begin PBXContainerItemProxy section */
		5A77627F1AB454AB0044B798 /* PBXContainerItemProxy */ = {
			isa = PBXContainerItemProxy;
			containerPortal = 5A77625E1AB454AB0044B798 /* Project object */;
			proxyType = 1;
			remoteGlobalIDString = 5A7762651AB454AB0044B798;
			remoteInfo = ClassesAndObjects;
		};
/* End PBXContainerItemProxy section */

/* Begin PBXFileReference section */
		5A7762661AB454AB0044B798 /* ClassesAndObjects.app */ = {isa = PBXFileReference; explicitFileType = wrapper.application; includeInIndex = 0; path = ClassesAndObjects.app; sourceTree = BUILT_PRODUCTS_DIR; };
		5A77626A1AB454AB0044B798 /* Info.plist */ = {isa = PBXFileReference; lastKnownFileType = text.plist.xml; path = Info.plist; sourceTree = "<group>"; };
		5A77626B1AB454AB0044B798 /* AppDelegate.swift */ = {isa = PBXFileReference; lastKnownFileType = sourcecode.swift; path = AppDelegate.swift; sourceTree = "<group>"; };
		5A77626E1AB454AB0044B798 /* ClassesAndObjects.xcdatamodel */ = {isa = PBXFileReference; lastKnownFileType = wrapper.xcdatamodel; path = ClassesAndObjects.xcdatamodel; sourceTree = "<group>"; };
		5A7762701AB454AB0044B798 /* ViewController.swift */ = {isa = PBXFileReference; lastKnownFileType = sourcecode.swift; path = ViewController.swift; sourceTree = "<group>"; };
		5A7762731AB454AB0044B798 /* Base */ = {isa = PBXFileReference; lastKnownFileType = file.storyboard; name = Base; path = Base.lproj/Main.storyboard; sourceTree = "<group>"; };
		5A7762751AB454AB0044B798 /* Images.xcassets */ = {isa = PBXFileReference; lastKnownFileType = folder.assetcatalog; path = Images.xcassets; sourceTree = "<group>"; };
		5A7762781AB454AB0044B798 /* Base */ = {isa = PBXFileReference; lastKnownFileType = file.xib; name = Base; path = Base.lproj/LaunchScreen.xib; sourceTree = "<group>"; };
		5A77627E1AB454AB0044B798 /* ClassesAndObjectsTests.xctest */ = {isa = PBXFileReference; explicitFileType = wrapper.cfbundle; includeInIndex = 0; path = ClassesAndObjectsTests.xctest; sourceTree = BUILT_PRODUCTS_DIR; };
		5A7762831AB454AB0044B798 /* Info.plist */ = {isa = PBXFileReference; lastKnownFileType = text.plist.xml; path = Info.plist; sourceTree = "<group>"; };
		5A7762841AB454AB0044B798 /* ClassesAndObjectsTests.swift */ = {isa = PBXFileReference; lastKnownFileType = sourcecode.swift; path = ClassesAndObjectsTests.swift; sourceTree = "<group>"; };
/* End PBXFileReference section */

/* Begin PBXFrameworksBuildPhase section */
		5A7762631AB454AB0044B798 /* Frameworks */ = {
			isa = PBXFrameworksBuildPhase;
			buildActionMask = 2147483647;
			files = (
			);
			runOnlyForDeploymentPostprocessing = 0;
		};
		5A77627B1AB454AB0044B798 /* Frameworks */ = {
			isa = PBXFrameworksBuildPhase;
			buildActionMask = 2147483647;
			files = (
			);
			runOnlyForDeploymentPostprocessing = 0;
		};
/* End PBXFrameworksBuildPhase section */

/* Begin PBXGroup section */
		5A77625D1AB454AB0044B798 = {
			isa = PBXGroup;
			children = (
				5A7762681AB454AB0044B798 /* ClassesAndObjects */,
				5A7762811AB454AB0044B798 /* ClassesAndObjectsTests */,
				5A7762671AB454AB0044B798 /* Products */,
			);
			sourceTree = "<group>";
		};
		5A7762671AB454AB0044B798 /* Products */ = {
			isa = PBXGroup;
			children = (
				5A7762661AB454AB0044B798 /* ClassesAndObjects.app */,
				5A77627E1AB454AB0044B798 /* ClassesAndObjectsTests.xctest */,
			);
			name = Products;
			sourceTree = "<group>";
		};
		5A7762681AB454AB0044B798 /* ClassesAndObjects */ = {
			isa = PBXGroup;
			children = (
				5A77626B1AB454AB0044B798 /* AppDelegate.swift */,
				5A7762701AB454AB0044B798 /* ViewController.swift */,
				5A7762721AB454AB0044B798 /* Main.storyboard */,
				5A7762751AB454AB0044B798 /* Images.xcassets */,
				5A7762771AB454AB0044B798 /* LaunchScreen.xib */,
				5A77626D1AB454AB0044B798 /* ClassesAndObjects.xcdatamodeld */,
				5A7762691AB454AB0044B798 /* Supporting Files */,
			);
			path = ClassesAndObjects;
			sourceTree = "<group>";
		};
		5A7762691AB454AB0044B798 /* Supporting Files */ = {
			isa = PBXGroup;
			children = (
				5A77626A1AB454AB0044B798 /* Info.plist */,
			);
			name = "Supporting Files";
			sourceTree = "<group>";
		};
		5A7762811AB454AB0044B798 /* ClassesAndObjectsTests */ = {
			isa = PBXGroup;
			children = (
				5A7762841AB454AB0044B798 /* ClassesAndObjectsTests.swift */,
				5A7762821AB454AB0044B798 /* Supporting Files */,
			);
			path = ClassesAndObjectsTests;
			sourceTree = "<group>";
		};
		5A7762821AB454AB0044B798 /* Supporting Files */ = {
			isa = PBXGroup;
			children = (
				5A7762831AB454AB0044B798 /* Info.plist */,
			);
			name = "Supporting Files";
			sourceTree = "<group>";
		};
/* End PBXGroup section */

/* Begin PBXNativeTarget section */
		5A7762651AB454AB0044B798 /* ClassesAndObjects */ = {
			isa = PBXNativeTarget;
			buildConfigurationList = 5A7762881AB454AB0044B798 /* Build configuration list for PBXNativeTarget "ClassesAndObjects" */;
			buildPhases = (
				5A7762621AB454AB0044B798 /* Sources */,
				5A7762631AB454AB0044B798 /* Frameworks */,
				5A7762641AB454AB0044B798 /* Resources */,
			);
			buildRules = (
			);
			dependencies = (
			);
			name = ClassesAndObjects;
			productName = ClassesAndObjects;
			productReference = 5A7762661AB454AB0044B798 /* ClassesAndObjects.app */;
			productType = "com.apple.product-type.application";
		};
		5A77627D1AB454AB0044B798 /* ClassesAndObjectsTests */ = {
			isa = PBXNativeTarget;
			buildConfigurationList = 5A77628B1AB454AB0044B798 /* Build configuration list for PBXNativeTarget "ClassesAndObjectsTests" */;
			buildPhases = (
				5A77627A1AB454AB0044B798 /* Sources */,
				5A77627B1AB454AB0044B798 /* Frameworks */,
				5A77627C1AB454AB0044B798 /* Resources */,
			);
			buildRules = (
			);
			dependencies = (
				5A7762801AB454AB0044B798 /* PBXTargetDependency */,
			);
			name = ClassesAndObjectsTests;
			productName = ClassesAndObjectsTests;
			productReference = 5A77627E1AB454AB0044B798 /* ClassesAndObjectsTests.xctest */;
			productType = "com.apple.product-type.bundle.unit-test";
		};
/* End PBXNativeTarget section */

/* Begin PBXProject section */
		5A77625E1AB454AB0044B798 /* Project object */ = {
			isa = PBXProject;
			attributes = {
				LastUpgradeCheck = 0610;
				ORGANIZATIONNAME = lycan.io;
				TargetAttributes = {
					5A7762651AB454AB0044B798 = {
						CreatedOnToolsVersion = 6.1.1;
					};
					5A77627D1AB454AB0044B798 = {
						CreatedOnToolsVersion = 6.1.1;
						TestTargetID = 5A7762651AB454AB0044B798;
					};
				};
			};
			buildConfigurationList = 5A7762611AB454AB0044B798 /* Build configuration list for PBXProject "ClassesAndObjects" */;
			compatibilityVersion = "Xcode 3.2";
			developmentRegion = English;
			hasScannedForEncodings = 0;
			knownRegions = (
				en,
				Base,
			);
			mainGroup = 5A77625D1AB454AB0044B798;
			productRefGroup = 5A7762671AB454AB0044B798 /* Products */;
			projectDirPath = "";
			projectRoot = "";
			targets = (
				5A7762651AB454AB0044B798 /* ClassesAndObjects */,
				5A77627D1AB454AB0044B798 /* ClassesAndObjectsTests */,
			);
		};
/* End PBXProject section */

/* Begin PBXResourcesBuildPhase section */
		5A7762641AB454AB0044B798 /* Resources */ = {
			isa = PBXResourcesBuildPhase;
			buildActionMask = 2147483647;
			files = (
				5A7762741AB454AB0044B798 /* Main.storyboard in Resources */,
				5A7762791AB454AB0044B798 /* LaunchScreen.xib in Resources */,
				5A7762761AB454AB0044B798 /* Images.xcassets in Resources */,
			);
			runOnlyForDeploymentPostprocessing = 0;
		};
		5A77627C1AB454AB0044B798 /* Resources */ = {
			isa = PBXResourcesBuildPhase;
			buildActionMask = 2147483647;
			files = (
			);
			runOnlyForDeploymentPostprocessing = 0;
		};
/* End PBXResourcesBuildPhase section */

/* Begin PBXSourcesBuildPhase section */
		5A7762621AB454AB0044B798 /* Sources */ = {
			isa = PBXSourcesBuildPhase;
			buildActionMask = 2147483647;
			files = (
				5A7762711AB454AB0044B798 /* ViewController.swift in Sources */,
				5A77626C1AB454AB0044B798 /* AppDelegate.swift in Sources */,
				5A77626F1AB454AB0044B798 /* ClassesAndObjects.xcdatamodeld in Sources */,
			);
			runOnlyForDeploymentPostprocessing = 0;
		};
		5A77627A1AB454AB0044B798 /* Sources */ = {
			isa = PBXSourcesBuildPhase;
			buildActionMask = 2147483647;
			files = (
				5A7762851AB454AB0044B798 /* ClassesAndObjectsTests.swift in Sources */,
			);
			runOnlyForDeploymentPostprocessing = 0;
		};
/* End PBXSourcesBuildPhase section */

/* Begin PBXTargetDependency section */
		5A7762801AB454AB0044B798 /* PBXTargetDependency */ = {
			isa = PBXTargetDependency;
			target = 5A7762651AB454AB0044B798 /* ClassesAndObjects */;
			targetProxy = 5A77627F1AB454AB0044B798 /* PBXContainerItemProxy */;
		};
/* End PBXTargetDependency section */

/* Begin PBXVariantGroup section */
		5A7762721AB454AB0044B798 /* Main.storyboard */ = {
			isa = PBXVariantGroup;
			children = (
				5A7762731AB454AB0044B798 /* Base */,
			);
			name = Main.storyboard;
			sourceTree = "<group>";
		};
		5A7762771AB454AB0044B798 /* LaunchScreen.xib */ = {
			isa = PBXVariantGroup;
			children = (
				5A7762781AB454AB0044B798 /* Base */,
			);
			name = LaunchScreen.xib;
			sourceTree = "<group>";
		};
/* End PBXVariantGroup section */

/* Begin XCBuildConfiguration section */
		5A7762861AB454AB0044B798 /* Debug */ = {
			isa = XCBuildConfiguration;
			buildSettings = {
				ALWAYS_SEARCH_USER_PATHS = NO;
				CLANG_CXX_LANGUAGE_STANDARD = "gnu++0x";
				CLANG_CXX_LIBRARY = "libc++";
				CLANG_ENABLE_MODULES = YES;
				CLANG_ENABLE_OBJC_ARC = YES;
				CLANG_WARN_BOOL_CONVERSION = YES;
				CLANG_WARN_CONSTANT_CONVERSION = YES;
				CLANG_WARN_DIRECT_OBJC_ISA_USAGE = YES_ERROR;
				CLANG_WARN_EMPTY_BODY = YES;
				CLANG_WARN_ENUM_CONVERSION = YES;
				CLANG_WARN_INT_CONVERSION = YES;
				CLANG_WARN_OBJC_ROOT_CLASS = YES_ERROR;
				CLANG_WARN_UNREACHABLE_CODE = YES;
				CLANG_WARN__DUPLICATE_METHOD_MATCH = YES;
				"CODE_SIGN_IDENTITY[sdk=iphoneos*]" = "iPhone Developer";
				COPY_PHASE_STRIP = NO;
				ENABLE_STRICT_OBJC_MSGSEND = YES;
				GCC_C_LANGUAGE_STANDARD = gnu99;
				GCC_DYNAMIC_NO_PIC = NO;
				GCC_OPTIMIZATION_LEVEL = 0;
				GCC_PREPROCESSOR_DEFINITIONS = (
					"DEBUG=1",
					"$(inherited)",
				);
				GCC_SYMBOLS_PRIVATE_EXTERN = NO;
				GCC_WARN_64_TO_32_BIT_CONVERSION = YES;
				GCC_WARN_ABOUT_RETURN_TYPE = YES_ERROR;
				GCC_WARN_UNDECLARED_SELECTOR = YES;
				GCC_WARN_UNINITIALIZED_AUTOS = YES_AGGRESSIVE;
				GCC_WARN_UNUSED_FUNCTION = YES;
				GCC_WARN_UNUSED_VARIABLE = YES;
				IPHONEOS_DEPLOYMENT_TARGET = 8.1;
				MTL_ENABLE_DEBUG_INFO = YES;
				ONLY_ACTIVE_ARCH = YES;
				SDKROOT = iphoneos;
				SWIFT_OPTIMIZATION_LEVEL = "-Onone";
			};
			name = Debug;
		};
		5A7762871AB454AB0044B798 /* Release */ = {
			isa = XCBuildConfiguration;
			buildSettings = {
				ALWAYS_SEARCH_USER_PATHS = NO;
				CLANG_CXX_LANGUAGE_STANDARD = "gnu++0x";
				CLANG_CXX_LIBRARY = "libc++";
				CLANG_ENABLE_MODULES = YES;
				CLANG_ENABLE_OBJC_ARC = YES;
				CLANG_WARN_BOOL_CONVERSION = YES;
				CLANG_WARN_CONSTANT_CONVERSION = YES;
				CLANG_WARN_DIRECT_OBJC_ISA_USAGE = YES_ERROR;
				CLANG_WARN_EMPTY_BODY = YES;
				CLANG_WARN_ENUM_CONVERSION = YES;
				CLANG_WARN_INT_CONVERSION = YES;
				CLANG_WARN_OBJC_ROOT_CLASS = YES_ERROR;
				CLANG_WARN_UNREACHABLE_CODE = YES;
				CLANG_WARN__DUPLICATE_METHOD_MATCH = YES;
				"CODE_SIGN_IDENTITY[sdk=iphoneos*]" = "iPhone Developer";
				COPY_PHASE_STRIP = YES;
				ENABLE_NS_ASSERTIONS = NO;
				ENABLE_STRICT_OBJC_MSGSEND = YES;
				GCC_C_LANGUAGE_STANDARD = gnu99;
				GCC_WARN_64_TO_32_BIT_CONVERSION = YES;
				GCC_WARN_ABOUT_RETURN_TYPE = YES_ERROR;
				GCC_WARN_UNDECLARED_SELECTOR = YES;
				GCC_WARN_UNINITIALIZED_AUTOS = YES_AGGRESSIVE;
				GCC_WARN_UNUSED_FUNCTION = YES;
				GCC_WARN_UNUSED_VARIABLE = YES;
				IPHONEOS_DEPLOYMENT_TARGET = 8.1;
				MTL_ENABLE_DEBUG_INFO = NO;
				SDKROOT = iphoneos;
				VALIDATE_PRODUCT = YES;
			};
			name = Release;
		};
		5A7762891AB454AB0044B798 /* Debug */ = {
			isa = XCBuildConfiguration;
			buildSettings = {
				ASSETCATALOG_COMPILER_APPICON_NAME = AppIcon;
				INFOPLIST_FILE = ClassesAndObjects/Info.plist;
				LD_RUNPATH_SEARCH_PATHS = "$(inherited) @executable_path/Frameworks";
				PRODUCT_NAME = "$(TARGET_NAME)";
			};
			name = Debug;
		};
		5A77628A1AB454AB0044B798 /* Release */ = {
			isa = XCBuildConfiguration;
			buildSettings = {
				ASSETCATALOG_COMPILER_APPICON_NAME = AppIcon;
				INFOPLIST_FILE = ClassesAndObjects/Info.plist;
				LD_RUNPATH_SEARCH_PATHS = "$(inherited) @executable_path/Frameworks";
				PRODUCT_NAME = "$(TARGET_NAME)";
			};
			name = Release;
		};
		5A77628C1AB454AB0044B798 /* Debug */ = {
			isa = XCBuildConfiguration;
			buildSettings = {
				BUNDLE_LOADER = "$(TEST_HOST)";
				FRAMEWORK_SEARCH_PATHS = (
					"$(SDKROOT)/Developer/Library/Frameworks",
					"$(inherited)",
				);
				GCC_PREPROCESSOR_DEFINITIONS = (
					"DEBUG=1",
					"$(inherited)",
				);
				INFOPLIST_FILE = ClassesAndObjectsTests/Info.plist;
				LD_RUNPATH_SEARCH_PATHS = "$(inherited) @executable_path/Frameworks @loader_path/Frameworks";
				PRODUCT_NAME = "$(TARGET_NAME)";
				TEST_HOST = "$(BUILT_PRODUCTS_DIR)/ClassesAndObjects.app/ClassesAndObjects";
			};
			name = Debug;
		};
		5A77628D1AB454AB0044B798 /* Release */ = {
			isa = XCBuildConfiguration;
			buildSettings = {
				BUNDLE_LOADER = "$(TEST_HOST)";
				FRAMEWORK_SEARCH_PATHS = (
					"$(SDKROOT)/Developer/Library/Frameworks",
					"$(inherited)",
				);
				INFOPLIST_FILE = ClassesAndObjectsTests/Info.plist;
				LD_RUNPATH_SEARCH_PATHS = "$(inherited) @executable_path/Frameworks @loader_path/Frameworks";
				PRODUCT_NAME = "$(TARGET_NAME)";
				TEST_HOST = "$(BUILT_PRODUCTS_DIR)/ClassesAndObjects.app/ClassesAndObjects";
			};
			name = Release;
		};
/* End XCBuildConfiguration section */

/* Begin XCConfigurationList section */
		5A7762611AB454AB0044B798 /* Build configuration list for PBXProject "ClassesAndObjects" */ = {
			isa = XCConfigurationList;
			buildConfigurations = (
				5A7762861AB454AB0044B798 /* Debug */,
				5A7762871AB454AB0044B798 /* Release */,
			);
			defaultConfigurationIsVisible = 0;
			defaultConfigurationName = Release;
		};
		5A7762881AB454AB0044B798 /* Build configuration list for PBXNativeTarget "ClassesAndObjects" */ = {
			isa = XCConfigurationList;
			buildConfigurations = (
				5A7762891AB454AB0044B798 /* Debug */,
				5A77628A1AB454AB0044B798 /* Release */,
			);
			defaultConfigurationIsVisible = 0;
		};
		5A77628B1AB454AB0044B798 /* Build configuration list for PBXNativeTarget "ClassesAndObjectsTests" */ = {
			isa = XCConfigurationList;
			buildConfigurations = (
				5A77628C1AB454AB0044B798 /* Debug */,
				5A77628D1AB454AB0044B798 /* Release */,
			);
			defaultConfigurationIsVisible = 0;
		};
/* End XCConfigurationList section */

/* Begin XCVersionGroup section */
		5A77626D1AB454AB0044B798 /* ClassesAndObjects.xcdatamodeld */ = {
			isa = XCVersionGroup;
			children = (
				5A77626E1AB454AB0044B798 /* ClassesAndObjects.xcdatamodel */,
			);
			currentVersion = 5A77626E1AB454AB0044B798 /* ClassesAndObjects.xcdatamodel */;
			path = ClassesAndObjects.xcdatamodeld;
			sourceTree = "<group>";
			versionGroupType = wrapper.xcdatamodel;
		};
/* End XCVersionGroup section */
	};
	rootObject = 5A77625E1AB454AB0044B798 /* Project object */;
}
